PODS:
  - Alamofire (1.2.0)
  - Nimble (1.0.0)
  - Quick (0.3.1)
  - SwiftyJSON (2.2.1)

DEPENDENCIES:
  - Alamofire (= 1.2.0)
  - Nimble (= 1.0.0)
  - Quick (= 0.3.1)
  - SwiftyJSON (= 2.2.1)

SPEC CHECKSUMS:
  Alamofire: d765c5c1713aa64106b0228aaa600a1e6851f68d
  Nimble: 8bee528e5fcc403653076545db562d2b5db7bb87
  Quick: 824572d3d198d51e52cf4aa722cebf7e59952a35
  SwiftyJSON: ae2d0a3d68025d136602a33c4ee215091ced3e33

COCOAPODS: 0.36.4
