// !$*UTF8*$!
{
	archiveVersion = 1;
	classes = {
	};
	objectVersion = 46;
	objects = {

/* Begin PBXBuildFile section */
		1626BD4B92B820EDC793B971 /* Pods.framework in Frameworks */ = {isa = PBXBuildFile; fileRef = 4CFF842C549D9522FF3D0601 /* Pods.framework */; };
		4164F941306C806DCB698B44 /* Pods_TuneThatNameIntegrationTests.framework in Frameworks */ = {isa = PBXBuildFile; fileRef = 5A47FA193F9049FB6779A49F /* Pods_TuneThatNameIntegrationTests.framework */; };
		441A9BF31BC1535500A57F11 /* AVFoundation.framework in Frameworks */ = {isa = PBXBuildFile; fileRef = 443963941A9755FA00E0C385 /* AVFoundation.framework */; };
		441A9BF51BC1537500A57F11 /* SystemConfiguration.framework in Frameworks */ = {isa = PBXBuildFile; fileRef = 441A9BF41BC1537500A57F11 /* SystemConfiguration.framework */; };
		441A9BF81BCA997400A57F11 /* SpotifyAuthService.swift in Sources */ = {isa = PBXBuildFile; fileRef = 441A9BF71BCA997400A57F11 /* SpotifyAuthService.swift */; };
		441A9BFA1BCC6A8800A57F11 /* MockSpotifyAuthService.swift in Sources */ = {isa = PBXBuildFile; fileRef = 441A9BF91BCC6A8800A57F11 /* MockSpotifyAuthService.swift */; };
		441A9BFC1BD108D900A57F11 /* SpotifyAuthServiceSpec.swift in Sources */ = {isa = PBXBuildFile; fileRef = 441A9BFB1BD108D900A57F11 /* SpotifyAuthServiceSpec.swift */; };
		441A9BFE1BD10A9E00A57F11 /* MockSPTAuth.swift in Sources */ = {isa = PBXBuildFile; fileRef = 441A9BFD1BD10A9E00A57F11 /* MockSPTAuth.swift */; };
		4433E6261ABD9708006CE8B8 /* SpotifyPlaylistTableControllerSpec.swift in Sources */ = {isa = PBXBuildFile; fileRef = 4433E6251ABD9708006CE8B8 /* SpotifyPlaylistTableControllerSpec.swift */; };
		4433E6281AC119A6006CE8B8 /* Playlist.swift in Sources */ = {isa = PBXBuildFile; fileRef = 4433E6271AC119A6006CE8B8 /* Playlist.swift */; };
		443F89F21AE2A3E1005920B1 /* PlaylistService.swift in Sources */ = {isa = PBXBuildFile; fileRef = 443F89F11AE2A3E1005920B1 /* PlaylistService.swift */; };
		443F89F41AE2A551005920B1 /* CreatePlaylistControllerSpec.swift in Sources */ = {isa = PBXBuildFile; fileRef = 443F89F31AE2A551005920B1 /* CreatePlaylistControllerSpec.swift */; };
		443F9EC11AA39CAE00705340 /* echonest-response-data-one-song.txt in Resources */ = {isa = PBXBuildFile; fileRef = 443F9EC01AA39CAE00705340 /* echonest-response-data-one-song.txt */; };
		443F9EC81AA4BCFF00705340 /* MockURLProtocol.swift in Sources */ = {isa = PBXBuildFile; fileRef = 443F9EC71AA4BCFF00705340 /* MockURLProtocol.swift */; };
		4440E49D1B303CAD005A4333 /* CreatePlaylistController.swift in Sources */ = {isa = PBXBuildFile; fileRef = 4440E49C1B303CAD005A4333 /* CreatePlaylistController.swift */; };
		4440E49F1B32DB10005A4333 /* PlaylistPreferences.swift in Sources */ = {isa = PBXBuildFile; fileRef = 4440E49E1B32DB10005A4333 /* PlaylistPreferences.swift */; };
		4440E4A11B32DC8E005A4333 /* PlaylistPreferencesSpec.swift in Sources */ = {isa = PBXBuildFile; fileRef = 4440E4A01B32DC8E005A4333 /* PlaylistPreferencesSpec.swift */; };
		4440E4A31B33954C005A4333 /* NameSelectionTableControllerSpec.swift in Sources */ = {isa = PBXBuildFile; fileRef = 4440E4A21B33954C005A4333 /* NameSelectionTableControllerSpec.swift */; };
		4440E4A51B339725005A4333 /* MockContactService.swift in Sources */ = {isa = PBXBuildFile; fileRef = 4440E4A41B339725005A4333 /* MockContactService.swift */; };
		44410E651BB6D451001EB2B0 /* SingleNameEntryControllerSpec.swift in Sources */ = {isa = PBXBuildFile; fileRef = 44410E641BB6D451001EB2B0 /* SingleNameEntryControllerSpec.swift */; };
		4446FF0E1B2FD43100368ED7 /* NameSelectionTableController.swift in Sources */ = {isa = PBXBuildFile; fileRef = 4446FF0D1B2FD43100368ED7 /* NameSelectionTableController.swift */; };
		4447107E1B73764A004F79C5 /* Spotify.framework in Frameworks */ = {isa = PBXBuildFile; fileRef = 4447107D1B73764A004F79C5 /* Spotify.framework */; };
		444710801B7A0AD0004F79C5 /* skull.png in Resources */ = {isa = PBXBuildFile; fileRef = 4447107F1B7A0AD0004F79C5 /* skull.png */; };
		445914751ACAB03A00E9734C /* echonest-response-data-one-song-no-foreign_id.txt in Resources */ = {isa = PBXBuildFile; fileRef = 445914741ACAB03A00E9734C /* echonest-response-data-one-song-no-foreign_id.txt */; };
		445914821ACB6B1D00E9734C /* Mocker.swift in Sources */ = {isa = PBXBuildFile; fileRef = 445914811ACB6B1D00E9734C /* Mocker.swift */; };
		4467307A1AD9B5E60056A840 /* ContactServiceSpec.swift in Sources */ = {isa = PBXBuildFile; fileRef = 446730791AD9B5E60056A840 /* ContactServiceSpec.swift */; };
		4467307B1AD9B7340056A840 /* SpotifyPlaylistServiceSpec.swift in Sources */ = {isa = PBXBuildFile; fileRef = 44BE53951AACEA1D0089BFCD /* SpotifyPlaylistServiceSpec.swift */; };
		446B1C701B495D5400E5FA22 /* PreferencesServiceSpec.swift in Sources */ = {isa = PBXBuildFile; fileRef = 446B1C6F1B495D5400E5FA22 /* PreferencesServiceSpec.swift */; };
		446B1C721B495DDD00E5FA22 /* PreferencesServiceSpec.swift in Sources */ = {isa = PBXBuildFile; fileRef = 446B1C711B495DDD00E5FA22 /* PreferencesServiceSpec.swift */; };
		446B1C741B4961A300E5FA22 /* MockUserDefaults.swift in Sources */ = {isa = PBXBuildFile; fileRef = 446B1C731B4961A300E5FA22 /* MockUserDefaults.swift */; };
		446B1C771B4964BB00E5FA22 /* PreferencesService.swift in Sources */ = {isa = PBXBuildFile; fileRef = 446B1C761B4964BB00E5FA22 /* PreferencesService.swift */; };
		446B1C791B497FC000E5FA22 /* MockPreferencesService.swift in Sources */ = {isa = PBXBuildFile; fileRef = 446B1C781B497FC000E5FA22 /* MockPreferencesService.swift */; };
		446B8F9F1B53C807002C687E /* SpotifyTrackViewControllerSpec.swift in Sources */ = {isa = PBXBuildFile; fileRef = 446B8F9E1B53C807002C687E /* SpotifyTrackViewControllerSpec.swift */; };
		446DFE001AFFE3D00022B75F /* SpotifyAudioFacade.swift in Sources */ = {isa = PBXBuildFile; fileRef = 446DFDFF1AFFE3D00022B75F /* SpotifyAudioFacade.swift */; };
		446DFE021B02183B0022B75F /* SpotifyAudioFacadeSpec.swift in Sources */ = {isa = PBXBuildFile; fileRef = 446DFE011B02183B0022B75F /* SpotifyAudioFacadeSpec.swift */; };
		446DFE041B0601470022B75F /* MockSpotifyAudioFacade.swift in Sources */ = {isa = PBXBuildFile; fileRef = 446DFE031B0601470022B75F /* MockSpotifyAudioFacade.swift */; };
		4474E3321BDB40670004E605 /* SpotifyPlaylistServiceSpec.swift in Sources */ = {isa = PBXBuildFile; fileRef = 4474E3311BDB40670004E605 /* SpotifyPlaylistServiceSpec.swift */; };
		4474E3341BDC2DB00004E605 /* SpotifyUserService.swift in Sources */ = {isa = PBXBuildFile; fileRef = 4474E3331BDC2DB00004E605 /* SpotifyUserService.swift */; };
		4474E3361BDC2F0A0004E605 /* SpotifyUserServiceSpec.swift in Sources */ = {isa = PBXBuildFile; fileRef = 4474E3351BDC2F0A0004E605 /* SpotifyUserServiceSpec.swift */; };
		4474E3381BDC47B40004E605 /* SpotifyUserServiceSpec.swift in Sources */ = {isa = PBXBuildFile; fileRef = 4474E3371BDC47B40004E605 /* SpotifyUserServiceSpec.swift */; };
		4474E33A1BDD54BD0004E605 /* MockSpotifyUserService.swift in Sources */ = {isa = PBXBuildFile; fileRef = 4474E3391BDD54BD0004E605 /* MockSpotifyUserService.swift */; };
		447963501B397994003541BE /* PlaylistNameEntryController.swift in Sources */ = {isa = PBXBuildFile; fileRef = 4479634F1B397994003541BE /* PlaylistNameEntryController.swift */; };
		447963521B3CD432003541BE /* PlaylistNameEntryControllerSpec.swift in Sources */ = {isa = PBXBuildFile; fileRef = 447963511B3CD432003541BE /* PlaylistNameEntryControllerSpec.swift */; };
		4484B5291AD1AD1600F33C8F /* ContactServiceSpec.swift in Sources */ = {isa = PBXBuildFile; fileRef = 4484B5281AD1AD1600F33C8F /* ContactServiceSpec.swift */; };
		4484B52B1AD1C7B300F33C8F /* ContactService.swift in Sources */ = {isa = PBXBuildFile; fileRef = 4484B52A1AD1C7B300F33C8F /* ContactService.swift */; };
		4484B52D1AD1C80400F33C8F /* Contact.swift in Sources */ = {isa = PBXBuildFile; fileRef = 4484B52C1AD1C80400F33C8F /* Contact.swift */; };
		4484B52F1AD36C0C00F33C8F /* ContactSpec.swift in Sources */ = {isa = PBXBuildFile; fileRef = 4484B52E1AD36C0C00F33C8F /* ContactSpec.swift */; };
		449E66DB1B5135340036A9AD /* SpotifyTrackViewController.swift in Sources */ = {isa = PBXBuildFile; fileRef = 449E66DA1B5135340036A9AD /* SpotifyTrackViewController.swift */; };
		449E66DD1B5156DC0036A9AD /* MockSpotifyPlaybackDelegate.swift in Sources */ = {isa = PBXBuildFile; fileRef = 449E66DC1B5156DC0036A9AD /* MockSpotifyPlaybackDelegate.swift */; };
		44A0A8D51AEC57F900E7A2A1 /* MockEchoNestService.swift in Sources */ = {isa = PBXBuildFile; fileRef = 44A0A8D41AEC57F900E7A2A1 /* MockEchoNestService.swift */; };
		44A0A8DB1AF23D9200E7A2A1 /* echonest-response-data-multiple-songs.txt in Resources */ = {isa = PBXBuildFile; fileRef = 44A0A8DA1AF23D9200E7A2A1 /* echonest-response-data-multiple-songs.txt */; };
		44A0A8DD1AF2400500E7A2A1 /* echonest-response-data-no-songs.txt in Resources */ = {isa = PBXBuildFile; fileRef = 44A0A8DC1AF2400500E7A2A1 /* echonest-response-data-no-songs.txt */; };
		44ACBEF31BFB568700946B31 /* Dakirby309-Simply-Styled-Spotify.ico in Resources */ = {isa = PBXBuildFile; fileRef = 44ACBEF21BFB568700946B31 /* Dakirby309-Simply-Styled-Spotify.ico */; };
		44ACBEF51BFC981500946B31 /* SpotifyActionSheetController.swift in Sources */ = {isa = PBXBuildFile; fileRef = 44ACBEF41BFC981500946B31 /* SpotifyActionSheetController.swift */; };
		44ACBEF71BFC9F5600946B31 /* SpotifyActionSheetControllerSpec.swift in Sources */ = {isa = PBXBuildFile; fileRef = 44ACBEF61BFC9F5600946B31 /* SpotifyActionSheetControllerSpec.swift */; };
		44AEBC981AE89DFF00D96CD1 /* ControllerHelper.swift in Sources */ = {isa = PBXBuildFile; fileRef = 44AEBC971AE89DFF00D96CD1 /* ControllerHelper.swift */; };
		44AFD9B51B16B99500E99FBF /* MockControllerHelper.swift in Sources */ = {isa = PBXBuildFile; fileRef = 44AFD9B41B16B99500E99FBF /* MockControllerHelper.swift */; };
		44AFD9B71B1722FC00E99FBF /* SpotifyTrack.swift in Sources */ = {isa = PBXBuildFile; fileRef = 44AFD9B61B1722FC00E99FBF /* SpotifyTrack.swift */; };
		44AFD9B91B18822900E99FBF /* yuck.png in Resources */ = {isa = PBXBuildFile; fileRef = 44AFD9B81B18822900E99FBF /* yuck.png */; };
		44B00FB31BA448D900C4F7BA /* SpotifySongSelectionTableController.swift in Sources */ = {isa = PBXBuildFile; fileRef = 44B00FB21BA448D900C4F7BA /* SpotifySongSelectionTableController.swift */; };
		44B00FB51BA44CAA00C4F7BA /* SingleNameEntryController.swift in Sources */ = {isa = PBXBuildFile; fileRef = 44B00FB41BA44CAA00C4F7BA /* SingleNameEntryController.swift */; };
		44B00FB71BA4534100C4F7BA /* SpotifySongSelectionTableControllerSpec.swift in Sources */ = {isa = PBXBuildFile; fileRef = 44B00FB61BA4534100C4F7BA /* SpotifySongSelectionTableControllerSpec.swift */; };
		44B2191C1AEA5C53002EA154 /* ControllerHelperSpec.swift in Sources */ = {isa = PBXBuildFile; fileRef = 44B2191B1AEA5C53002EA154 /* ControllerHelperSpec.swift */; };
		44BE53901AA76A1E0089BFCD /* SpotifyPlaylistTableController.swift in Sources */ = {isa = PBXBuildFile; fileRef = 44BE538F1AA76A1E0089BFCD /* SpotifyPlaylistTableController.swift */; };
		44BE53941AAA31020089BFCD /* echonest-response-data-multiple-songs-with-incorrect-title.txt in Resources */ = {isa = PBXBuildFile; fileRef = 44BE53931AAA31020089BFCD /* echonest-response-data-multiple-songs-with-incorrect-title.txt */; };
		44BE53981AACEAD50089BFCD /* SpotifyPlaylistService.swift in Sources */ = {isa = PBXBuildFile; fileRef = 44BE53971AACEAD50089BFCD /* SpotifyPlaylistService.swift */; };
		44C93D591B1D51AE008FDCDB /* SongPreferences.swift in Sources */ = {isa = PBXBuildFile; fileRef = 44C93D581B1D51AE008FDCDB /* SongPreferences.swift */; };
		44C93D5B1B1D5D2E008FDCDB /* SongPreferencesSpec.swift in Sources */ = {isa = PBXBuildFile; fileRef = 44C93D5A1B1D5D2E008FDCDB /* SongPreferencesSpec.swift */; };
		44C93D601B1F1E92008FDCDB /* echonest-response-data-songs-with-discovery.txt in Resources */ = {isa = PBXBuildFile; fileRef = 44C93D5F1B1F1E92008FDCDB /* echonest-response-data-songs-with-discovery.txt */; };
		44D3C1A51ACF1B2800F51EB9 /* echonest-response-data-timeout-error.txt in Resources */ = {isa = PBXBuildFile; fileRef = 44D3C1A41ACF1B2800F51EB9 /* echonest-response-data-timeout-error.txt */; };
		44D3C1A91ACF1DDF00F51EB9 /* Constants.swift in Sources */ = {isa = PBXBuildFile; fileRef = 44D3C1A81ACF1DDF00F51EB9 /* Constants.swift */; };
		44E9D5EC1A952D2F001E4792 /* AppDelegate.swift in Sources */ = {isa = PBXBuildFile; fileRef = 44E9D5EB1A952D2F001E4792 /* AppDelegate.swift */; };
		44E9D5F11A952D2F001E4792 /* Main.storyboard in Resources */ = {isa = PBXBuildFile; fileRef = 44E9D5EF1A952D2F001E4792 /* Main.storyboard */; };
		44E9D5F31A952D2F001E4792 /* Images.xcassets in Resources */ = {isa = PBXBuildFile; fileRef = 44E9D5F21A952D2F001E4792 /* Images.xcassets */; };
		44E9D5F61A952D2F001E4792 /* LaunchScreen.xib in Resources */ = {isa = PBXBuildFile; fileRef = 44E9D5F41A952D2F001E4792 /* LaunchScreen.xib */; };
		44F696241AEB198F00F2C2F8 /* PlaylistServiceSpec.swift in Sources */ = {isa = PBXBuildFile; fileRef = 44F696231AEB198F00F2C2F8 /* PlaylistServiceSpec.swift */; };
		44FBFE981AC650EE0087C9FF /* SongSpec.swift in Sources */ = {isa = PBXBuildFile; fileRef = 44FBFE971AC650EE0087C9FF /* SongSpec.swift */; };
		44FBFE9A1AC655050087C9FF /* PlaylistSpec.swift in Sources */ = {isa = PBXBuildFile; fileRef = 44FBFE991AC655050087C9FF /* PlaylistSpec.swift */; };
		44FDE0BE1A9EB3410052C6D1 /* EchoNestServiceSpec.swift in Sources */ = {isa = PBXBuildFile; fileRef = 44FDE0BD1A9EB3410052C6D1 /* EchoNestServiceSpec.swift */; };
		44FDE0C01A9EB52E0052C6D1 /* EchoNestService.swift in Sources */ = {isa = PBXBuildFile; fileRef = 44FDE0BF1A9EB52E0052C6D1 /* EchoNestService.swift */; };
		44FDE0C21A9F40040052C6D1 /* Song.swift in Sources */ = {isa = PBXBuildFile; fileRef = 44FDE0C11A9F40040052C6D1 /* Song.swift */; };
		EB6288CF377998ECD558338C /* Pods_TuneThatNameTests.framework in Frameworks */ = {isa = PBXBuildFile; fileRef = C9038133D111DE159169DBFD /* Pods_TuneThatNameTests.framework */; };
/* End PBXBuildFile section */

/* Begin PBXContainerItemProxy section */
		446730731AD9B41E0056A840 /* PBXContainerItemProxy */ = {
			isa = PBXContainerItemProxy;
			containerPortal = 44E9D5DE1A952D2F001E4792 /* Project object */;
			proxyType = 1;
			remoteGlobalIDString = 44E9D5E51A952D2F001E4792;
			remoteInfo = TuneThatName;
		};
		44E9D5FC1A952D2F001E4792 /* PBXContainerItemProxy */ = {
			isa = PBXContainerItemProxy;
			containerPortal = 44E9D5DE1A952D2F001E4792 /* Project object */;
			proxyType = 1;
			remoteGlobalIDString = 44E9D5E51A952D2F001E4792;
			remoteInfo = TuneThatName;
		};
/* End PBXContainerItemProxy section */

/* Begin PBXFileReference section */
		2C42088056DB800A75BCFC0F /* Pods_TuneThatName.framework */ = {isa = PBXFileReference; explicitFileType = wrapper.framework; includeInIndex = 0; path = Pods_TuneThatName.framework; sourceTree = BUILT_PRODUCTS_DIR; };
		441A9BF41BC1537500A57F11 /* SystemConfiguration.framework */ = {isa = PBXFileReference; lastKnownFileType = wrapper.framework; name = SystemConfiguration.framework; path = System/Library/Frameworks/SystemConfiguration.framework; sourceTree = SDKROOT; };
		441A9BF71BCA997400A57F11 /* SpotifyAuthService.swift */ = {isa = PBXFileReference; fileEncoding = 4; lastKnownFileType = sourcecode.swift; path = SpotifyAuthService.swift; sourceTree = "<group>"; };
		441A9BF91BCC6A8800A57F11 /* MockSpotifyAuthService.swift */ = {isa = PBXFileReference; fileEncoding = 4; lastKnownFileType = sourcecode.swift; path = MockSpotifyAuthService.swift; sourceTree = "<group>"; };
		441A9BFB1BD108D900A57F11 /* SpotifyAuthServiceSpec.swift */ = {isa = PBXFileReference; fileEncoding = 4; lastKnownFileType = sourcecode.swift; path = SpotifyAuthServiceSpec.swift; sourceTree = "<group>"; };
		441A9BFD1BD10A9E00A57F11 /* MockSPTAuth.swift */ = {isa = PBXFileReference; fileEncoding = 4; lastKnownFileType = sourcecode.swift; path = MockSPTAuth.swift; sourceTree = "<group>"; };
		4433E6251ABD9708006CE8B8 /* SpotifyPlaylistTableControllerSpec.swift */ = {isa = PBXFileReference; fileEncoding = 4; lastKnownFileType = sourcecode.swift; path = SpotifyPlaylistTableControllerSpec.swift; sourceTree = "<group>"; };
		4433E6271AC119A6006CE8B8 /* Playlist.swift */ = {isa = PBXFileReference; fileEncoding = 4; lastKnownFileType = sourcecode.swift; path = Playlist.swift; sourceTree = "<group>"; };
		443963941A9755FA00E0C385 /* AVFoundation.framework */ = {isa = PBXFileReference; lastKnownFileType = wrapper.framework; name = AVFoundation.framework; path = System/Library/Frameworks/AVFoundation.framework; sourceTree = SDKROOT; };
		443963981A97567100E0C385 /* TuneThatName-Bridging-Header.h */ = {isa = PBXFileReference; lastKnownFileType = sourcecode.c.h; path = "TuneThatName-Bridging-Header.h"; sourceTree = "<group>"; };
		443F89F11AE2A3E1005920B1 /* PlaylistService.swift */ = {isa = PBXFileReference; fileEncoding = 4; lastKnownFileType = sourcecode.swift; path = PlaylistService.swift; sourceTree = "<group>"; };
		443F89F31AE2A551005920B1 /* CreatePlaylistControllerSpec.swift */ = {isa = PBXFileReference; fileEncoding = 4; lastKnownFileType = sourcecode.swift; path = CreatePlaylistControllerSpec.swift; sourceTree = "<group>"; };
		443F9EC01AA39CAE00705340 /* echonest-response-data-one-song.txt */ = {isa = PBXFileReference; fileEncoding = 4; lastKnownFileType = text; path = "echonest-response-data-one-song.txt"; sourceTree = "<group>"; };
		443F9EC71AA4BCFF00705340 /* MockURLProtocol.swift */ = {isa = PBXFileReference; fileEncoding = 4; lastKnownFileType = sourcecode.swift; path = MockURLProtocol.swift; sourceTree = "<group>"; };
		4440E49C1B303CAD005A4333 /* CreatePlaylistController.swift */ = {isa = PBXFileReference; fileEncoding = 4; lastKnownFileType = sourcecode.swift; path = CreatePlaylistController.swift; sourceTree = "<group>"; };
		4440E49E1B32DB10005A4333 /* PlaylistPreferences.swift */ = {isa = PBXFileReference; fileEncoding = 4; lastKnownFileType = sourcecode.swift; path = PlaylistPreferences.swift; sourceTree = "<group>"; };
		4440E4A01B32DC8E005A4333 /* PlaylistPreferencesSpec.swift */ = {isa = PBXFileReference; fileEncoding = 4; lastKnownFileType = sourcecode.swift; path = PlaylistPreferencesSpec.swift; sourceTree = "<group>"; };
		4440E4A21B33954C005A4333 /* NameSelectionTableControllerSpec.swift */ = {isa = PBXFileReference; fileEncoding = 4; lastKnownFileType = sourcecode.swift; path = NameSelectionTableControllerSpec.swift; sourceTree = "<group>"; };
		4440E4A41B339725005A4333 /* MockContactService.swift */ = {isa = PBXFileReference; fileEncoding = 4; lastKnownFileType = sourcecode.swift; path = MockContactService.swift; sourceTree = "<group>"; };
		44410E641BB6D451001EB2B0 /* SingleNameEntryControllerSpec.swift */ = {isa = PBXFileReference; fileEncoding = 4; lastKnownFileType = sourcecode.swift; path = SingleNameEntryControllerSpec.swift; sourceTree = "<group>"; };
		4446FF0D1B2FD43100368ED7 /* NameSelectionTableController.swift */ = {isa = PBXFileReference; fileEncoding = 4; lastKnownFileType = sourcecode.swift; path = NameSelectionTableController.swift; sourceTree = "<group>"; };
		4447107D1B73764A004F79C5 /* Spotify.framework */ = {isa = PBXFileReference; lastKnownFileType = wrapper.framework; name = Spotify.framework; path = Frameworks/Spotify.framework; sourceTree = "<group>"; };
		4447107F1B7A0AD0004F79C5 /* skull.png */ = {isa = PBXFileReference; lastKnownFileType = image.png; path = skull.png; sourceTree = "<group>"; };
		445914741ACAB03A00E9734C /* echonest-response-data-one-song-no-foreign_id.txt */ = {isa = PBXFileReference; fileEncoding = 4; lastKnownFileType = text; path = "echonest-response-data-one-song-no-foreign_id.txt"; sourceTree = "<group>"; };
		445914811ACB6B1D00E9734C /* Mocker.swift */ = {isa = PBXFileReference; fileEncoding = 4; lastKnownFileType = sourcecode.swift; path = Mocker.swift; sourceTree = "<group>"; };
		4467306D1AD9B41E0056A840 /* TuneThatNameIntegrationTests.xctest */ = {isa = PBXFileReference; explicitFileType = wrapper.cfbundle; includeInIndex = 0; path = TuneThatNameIntegrationTests.xctest; sourceTree = BUILT_PRODUCTS_DIR; };
		446730701AD9B41E0056A840 /* Info.plist */ = {isa = PBXFileReference; lastKnownFileType = text.plist.xml; path = Info.plist; sourceTree = "<group>"; };
		446730791AD9B5E60056A840 /* ContactServiceSpec.swift */ = {isa = PBXFileReference; fileEncoding = 4; lastKnownFileType = sourcecode.swift; path = ContactServiceSpec.swift; sourceTree = "<group>"; };
		446B1C6F1B495D5400E5FA22 /* PreferencesServiceSpec.swift */ = {isa = PBXFileReference; fileEncoding = 4; lastKnownFileType = sourcecode.swift; path = PreferencesServiceSpec.swift; sourceTree = "<group>"; };
		446B1C711B495DDD00E5FA22 /* PreferencesServiceSpec.swift */ = {isa = PBXFileReference; fileEncoding = 4; lastKnownFileType = sourcecode.swift; path = PreferencesServiceSpec.swift; sourceTree = "<group>"; };
		446B1C731B4961A300E5FA22 /* MockUserDefaults.swift */ = {isa = PBXFileReference; fileEncoding = 4; lastKnownFileType = sourcecode.swift; path = MockUserDefaults.swift; sourceTree = "<group>"; };
		446B1C761B4964BB00E5FA22 /* PreferencesService.swift */ = {isa = PBXFileReference; fileEncoding = 4; lastKnownFileType = sourcecode.swift; path = PreferencesService.swift; sourceTree = "<group>"; };
		446B1C781B497FC000E5FA22 /* MockPreferencesService.swift */ = {isa = PBXFileReference; fileEncoding = 4; lastKnownFileType = sourcecode.swift; path = MockPreferencesService.swift; sourceTree = "<group>"; };
		446B8F9E1B53C807002C687E /* SpotifyTrackViewControllerSpec.swift */ = {isa = PBXFileReference; fileEncoding = 4; lastKnownFileType = sourcecode.swift; path = SpotifyTrackViewControllerSpec.swift; sourceTree = "<group>"; };
		446DFDFF1AFFE3D00022B75F /* SpotifyAudioFacade.swift */ = {isa = PBXFileReference; fileEncoding = 4; lastKnownFileType = sourcecode.swift; path = SpotifyAudioFacade.swift; sourceTree = "<group>"; };
		446DFE011B02183B0022B75F /* SpotifyAudioFacadeSpec.swift */ = {isa = PBXFileReference; fileEncoding = 4; lastKnownFileType = sourcecode.swift; path = SpotifyAudioFacadeSpec.swift; sourceTree = "<group>"; };
		446DFE031B0601470022B75F /* MockSpotifyAudioFacade.swift */ = {isa = PBXFileReference; fileEncoding = 4; lastKnownFileType = sourcecode.swift; path = MockSpotifyAudioFacade.swift; sourceTree = "<group>"; };
		4474E3311BDB40670004E605 /* SpotifyPlaylistServiceSpec.swift */ = {isa = PBXFileReference; fileEncoding = 4; lastKnownFileType = sourcecode.swift; path = SpotifyPlaylistServiceSpec.swift; sourceTree = "<group>"; };
		4474E3331BDC2DB00004E605 /* SpotifyUserService.swift */ = {isa = PBXFileReference; fileEncoding = 4; lastKnownFileType = sourcecode.swift; path = SpotifyUserService.swift; sourceTree = "<group>"; };
		4474E3351BDC2F0A0004E605 /* SpotifyUserServiceSpec.swift */ = {isa = PBXFileReference; fileEncoding = 4; lastKnownFileType = sourcecode.swift; path = SpotifyUserServiceSpec.swift; sourceTree = "<group>"; };
		4474E3371BDC47B40004E605 /* SpotifyUserServiceSpec.swift */ = {isa = PBXFileReference; fileEncoding = 4; lastKnownFileType = sourcecode.swift; path = SpotifyUserServiceSpec.swift; sourceTree = "<group>"; };
		4474E3391BDD54BD0004E605 /* MockSpotifyUserService.swift */ = {isa = PBXFileReference; fileEncoding = 4; lastKnownFileType = sourcecode.swift; path = MockSpotifyUserService.swift; sourceTree = "<group>"; };
		4479634F1B397994003541BE /* PlaylistNameEntryController.swift */ = {isa = PBXFileReference; fileEncoding = 4; lastKnownFileType = sourcecode.swift; path = PlaylistNameEntryController.swift; sourceTree = "<group>"; };
		447963511B3CD432003541BE /* PlaylistNameEntryControllerSpec.swift */ = {isa = PBXFileReference; fileEncoding = 4; lastKnownFileType = sourcecode.swift; path = PlaylistNameEntryControllerSpec.swift; sourceTree = "<group>"; };
		4484B5281AD1AD1600F33C8F /* ContactServiceSpec.swift */ = {isa = PBXFileReference; fileEncoding = 4; lastKnownFileType = sourcecode.swift; path = ContactServiceSpec.swift; sourceTree = "<group>"; };
		4484B52A1AD1C7B300F33C8F /* ContactService.swift */ = {isa = PBXFileReference; fileEncoding = 4; lastKnownFileType = sourcecode.swift; path = ContactService.swift; sourceTree = "<group>"; };
		4484B52C1AD1C80400F33C8F /* Contact.swift */ = {isa = PBXFileReference; fileEncoding = 4; lastKnownFileType = sourcecode.swift; path = Contact.swift; sourceTree = "<group>"; };
		4484B52E1AD36C0C00F33C8F /* ContactSpec.swift */ = {isa = PBXFileReference; fileEncoding = 4; lastKnownFileType = sourcecode.swift; path = ContactSpec.swift; sourceTree = "<group>"; };
		449E66DA1B5135340036A9AD /* SpotifyTrackViewController.swift */ = {isa = PBXFileReference; fileEncoding = 4; lastKnownFileType = sourcecode.swift; path = SpotifyTrackViewController.swift; sourceTree = "<group>"; };
		449E66DC1B5156DC0036A9AD /* MockSpotifyPlaybackDelegate.swift */ = {isa = PBXFileReference; fileEncoding = 4; lastKnownFileType = sourcecode.swift; path = MockSpotifyPlaybackDelegate.swift; sourceTree = "<group>"; };
		44A0A8D41AEC57F900E7A2A1 /* MockEchoNestService.swift */ = {isa = PBXFileReference; fileEncoding = 4; lastKnownFileType = sourcecode.swift; path = MockEchoNestService.swift; sourceTree = "<group>"; };
		44A0A8DA1AF23D9200E7A2A1 /* echonest-response-data-multiple-songs.txt */ = {isa = PBXFileReference; fileEncoding = 4; lastKnownFileType = text; path = "echonest-response-data-multiple-songs.txt"; sourceTree = "<group>"; };
		44A0A8DC1AF2400500E7A2A1 /* echonest-response-data-no-songs.txt */ = {isa = PBXFileReference; fileEncoding = 4; lastKnownFileType = text; path = "echonest-response-data-no-songs.txt"; sourceTree = "<group>"; };
		44ACBEF21BFB568700946B31 /* Dakirby309-Simply-Styled-Spotify.ico */ = {isa = PBXFileReference; lastKnownFileType = image.ico; path = "Dakirby309-Simply-Styled-Spotify.ico"; sourceTree = "<group>"; };
		44ACBEF41BFC981500946B31 /* SpotifyActionSheetController.swift */ = {isa = PBXFileReference; fileEncoding = 4; lastKnownFileType = sourcecode.swift; path = SpotifyActionSheetController.swift; sourceTree = "<group>"; };
		44ACBEF61BFC9F5600946B31 /* SpotifyActionSheetControllerSpec.swift */ = {isa = PBXFileReference; fileEncoding = 4; lastKnownFileType = sourcecode.swift; path = SpotifyActionSheetControllerSpec.swift; sourceTree = "<group>"; };
		44AEBC971AE89DFF00D96CD1 /* ControllerHelper.swift */ = {isa = PBXFileReference; fileEncoding = 4; lastKnownFileType = sourcecode.swift; path = ControllerHelper.swift; sourceTree = "<group>"; };
		44AFD9B41B16B99500E99FBF /* MockControllerHelper.swift */ = {isa = PBXFileReference; fileEncoding = 4; lastKnownFileType = sourcecode.swift; path = MockControllerHelper.swift; sourceTree = "<group>"; };
		44AFD9B61B1722FC00E99FBF /* SpotifyTrack.swift */ = {isa = PBXFileReference; fileEncoding = 4; lastKnownFileType = sourcecode.swift; path = SpotifyTrack.swift; sourceTree = "<group>"; };
		44AFD9B81B18822900E99FBF /* yuck.png */ = {isa = PBXFileReference; lastKnownFileType = image.png; path = yuck.png; sourceTree = "<group>"; };
		44B00FB21BA448D900C4F7BA /* SpotifySongSelectionTableController.swift */ = {isa = PBXFileReference; fileEncoding = 4; lastKnownFileType = sourcecode.swift; path = SpotifySongSelectionTableController.swift; sourceTree = "<group>"; };
		44B00FB41BA44CAA00C4F7BA /* SingleNameEntryController.swift */ = {isa = PBXFileReference; fileEncoding = 4; lastKnownFileType = sourcecode.swift; path = SingleNameEntryController.swift; sourceTree = "<group>"; };
		44B00FB61BA4534100C4F7BA /* SpotifySongSelectionTableControllerSpec.swift */ = {isa = PBXFileReference; fileEncoding = 4; lastKnownFileType = sourcecode.swift; path = SpotifySongSelectionTableControllerSpec.swift; sourceTree = "<group>"; };
		44B2191B1AEA5C53002EA154 /* ControllerHelperSpec.swift */ = {isa = PBXFileReference; fileEncoding = 4; lastKnownFileType = sourcecode.swift; path = ControllerHelperSpec.swift; sourceTree = "<group>"; };
		44BE538F1AA76A1E0089BFCD /* SpotifyPlaylistTableController.swift */ = {isa = PBXFileReference; fileEncoding = 4; lastKnownFileType = sourcecode.swift; lineEnding = 0; path = SpotifyPlaylistTableController.swift; sourceTree = "<group>"; xcLanguageSpecificationIdentifier = xcode.lang.swift; };
		44BE53931AAA31020089BFCD /* echonest-response-data-multiple-songs-with-incorrect-title.txt */ = {isa = PBXFileReference; fileEncoding = 4; lastKnownFileType = text; path = "echonest-response-data-multiple-songs-with-incorrect-title.txt"; sourceTree = "<group>"; };
		44BE53951AACEA1D0089BFCD /* SpotifyPlaylistServiceSpec.swift */ = {isa = PBXFileReference; fileEncoding = 4; lastKnownFileType = sourcecode.swift; path = SpotifyPlaylistServiceSpec.swift; sourceTree = "<group>"; };
		44BE53971AACEAD50089BFCD /* SpotifyPlaylistService.swift */ = {isa = PBXFileReference; fileEncoding = 4; lastKnownFileType = sourcecode.swift; path = SpotifyPlaylistService.swift; sourceTree = "<group>"; };
		44C93D581B1D51AE008FDCDB /* SongPreferences.swift */ = {isa = PBXFileReference; fileEncoding = 4; lastKnownFileType = sourcecode.swift; path = SongPreferences.swift; sourceTree = "<group>"; };
		44C93D5A1B1D5D2E008FDCDB /* SongPreferencesSpec.swift */ = {isa = PBXFileReference; fileEncoding = 4; lastKnownFileType = sourcecode.swift; path = SongPreferencesSpec.swift; sourceTree = "<group>"; };
		44C93D5F1B1F1E92008FDCDB /* echonest-response-data-songs-with-discovery.txt */ = {isa = PBXFileReference; fileEncoding = 4; lastKnownFileType = text; path = "echonest-response-data-songs-with-discovery.txt"; sourceTree = "<group>"; };
		44D3C1A41ACF1B2800F51EB9 /* echonest-response-data-timeout-error.txt */ = {isa = PBXFileReference; fileEncoding = 4; lastKnownFileType = text; path = "echonest-response-data-timeout-error.txt"; sourceTree = "<group>"; };
		44D3C1A81ACF1DDF00F51EB9 /* Constants.swift */ = {isa = PBXFileReference; fileEncoding = 4; lastKnownFileType = sourcecode.swift; path = Constants.swift; sourceTree = "<group>"; };
		44E9D5E61A952D2F001E4792 /* TuneThatName.app */ = {isa = PBXFileReference; explicitFileType = wrapper.application; includeInIndex = 0; path = TuneThatName.app; sourceTree = BUILT_PRODUCTS_DIR; };
		44E9D5EA1A952D2F001E4792 /* Info.plist */ = {isa = PBXFileReference; lastKnownFileType = text.plist.xml; path = Info.plist; sourceTree = "<group>"; };
		44E9D5EB1A952D2F001E4792 /* AppDelegate.swift */ = {isa = PBXFileReference; lastKnownFileType = sourcecode.swift; path = AppDelegate.swift; sourceTree = "<group>"; };
		44E9D5F01A952D2F001E4792 /* Base */ = {isa = PBXFileReference; lastKnownFileType = file.storyboard; name = Base; path = Base.lproj/Main.storyboard; sourceTree = "<group>"; };
		44E9D5F21A952D2F001E4792 /* Images.xcassets */ = {isa = PBXFileReference; lastKnownFileType = folder.assetcatalog; path = Images.xcassets; sourceTree = "<group>"; };
		44E9D5F51A952D2F001E4792 /* Base */ = {isa = PBXFileReference; lastKnownFileType = file.xib; name = Base; path = Base.lproj/LaunchScreen.xib; sourceTree = "<group>"; };
		44E9D5FB1A952D2F001E4792 /* TuneThatNameTests.xctest */ = {isa = PBXFileReference; explicitFileType = wrapper.cfbundle; includeInIndex = 0; path = TuneThatNameTests.xctest; sourceTree = BUILT_PRODUCTS_DIR; };
		44E9D6001A952D2F001E4792 /* Info.plist */ = {isa = PBXFileReference; lastKnownFileType = text.plist.xml; path = Info.plist; sourceTree = "<group>"; };
		44F696231AEB198F00F2C2F8 /* PlaylistServiceSpec.swift */ = {isa = PBXFileReference; fileEncoding = 4; lastKnownFileType = sourcecode.swift; path = PlaylistServiceSpec.swift; sourceTree = "<group>"; };
		44FBFE971AC650EE0087C9FF /* SongSpec.swift */ = {isa = PBXFileReference; fileEncoding = 4; lastKnownFileType = sourcecode.swift; path = SongSpec.swift; sourceTree = "<group>"; };
		44FBFE991AC655050087C9FF /* PlaylistSpec.swift */ = {isa = PBXFileReference; fileEncoding = 4; lastKnownFileType = sourcecode.swift; path = PlaylistSpec.swift; sourceTree = "<group>"; };
		44FDE0BD1A9EB3410052C6D1 /* EchoNestServiceSpec.swift */ = {isa = PBXFileReference; fileEncoding = 4; lastKnownFileType = sourcecode.swift; lineEnding = 0; path = EchoNestServiceSpec.swift; sourceTree = "<group>"; xcLanguageSpecificationIdentifier = xcode.lang.swift; };
		44FDE0BF1A9EB52E0052C6D1 /* EchoNestService.swift */ = {isa = PBXFileReference; fileEncoding = 4; lastKnownFileType = sourcecode.swift; lineEnding = 0; path = EchoNestService.swift; sourceTree = "<group>"; xcLanguageSpecificationIdentifier = xcode.lang.swift; };
		44FDE0C11A9F40040052C6D1 /* Song.swift */ = {isa = PBXFileReference; fileEncoding = 4; lastKnownFileType = sourcecode.swift; path = Song.swift; sourceTree = "<group>"; };
		4CFF842C549D9522FF3D0601 /* Pods.framework */ = {isa = PBXFileReference; explicitFileType = wrapper.framework; includeInIndex = 0; path = Pods.framework; sourceTree = BUILT_PRODUCTS_DIR; };
		5A47FA193F9049FB6779A49F /* Pods_TuneThatNameIntegrationTests.framework */ = {isa = PBXFileReference; explicitFileType = wrapper.framework; includeInIndex = 0; path = Pods_TuneThatNameIntegrationTests.framework; sourceTree = BUILT_PRODUCTS_DIR; };
		750B2AB07B1625927EAA3522 /* Pods.debug.xcconfig */ = {isa = PBXFileReference; includeInIndex = 1; lastKnownFileType = text.xcconfig; name = Pods.debug.xcconfig; path = "Pods/Target Support Files/Pods/Pods.debug.xcconfig"; sourceTree = "<group>"; };
		7F1FEA9E6D968643657B0B3A /* Pods-TuneThatNameTests.release.xcconfig */ = {isa = PBXFileReference; includeInIndex = 1; lastKnownFileType = text.xcconfig; name = "Pods-TuneThatNameTests.release.xcconfig"; path = "Pods/Target Support Files/Pods-TuneThatNameTests/Pods-TuneThatNameTests.release.xcconfig"; sourceTree = "<group>"; };
		8B0A10FCB31F7FC575879C59 /* Pods-TuneThatName.release.xcconfig */ = {isa = PBXFileReference; includeInIndex = 1; lastKnownFileType = text.xcconfig; name = "Pods-TuneThatName.release.xcconfig"; path = "Pods/Target Support Files/Pods-TuneThatName/Pods-TuneThatName.release.xcconfig"; sourceTree = "<group>"; };
		8D9DA7E43ABBFE8437691456 /* Pods-TuneThatName.debug.xcconfig */ = {isa = PBXFileReference; includeInIndex = 1; lastKnownFileType = text.xcconfig; name = "Pods-TuneThatName.debug.xcconfig"; path = "Pods/Target Support Files/Pods-TuneThatName/Pods-TuneThatName.debug.xcconfig"; sourceTree = "<group>"; };
		A2393EA9661264AFAB780F39 /* Pods.release.xcconfig */ = {isa = PBXFileReference; includeInIndex = 1; lastKnownFileType = text.xcconfig; name = Pods.release.xcconfig; path = "Pods/Target Support Files/Pods/Pods.release.xcconfig"; sourceTree = "<group>"; };
		C9038133D111DE159169DBFD /* Pods_TuneThatNameTests.framework */ = {isa = PBXFileReference; explicitFileType = wrapper.framework; includeInIndex = 0; path = Pods_TuneThatNameTests.framework; sourceTree = BUILT_PRODUCTS_DIR; };
		DA9ABBC43699FA99115F8466 /* Pods-TuneThatNameIntegrationTests.debug.xcconfig */ = {isa = PBXFileReference; includeInIndex = 1; lastKnownFileType = text.xcconfig; name = "Pods-TuneThatNameIntegrationTests.debug.xcconfig"; path = "Pods/Target Support Files/Pods-TuneThatNameIntegrationTests/Pods-TuneThatNameIntegrationTests.debug.xcconfig"; sourceTree = "<group>"; };
		E3D4EF98625A9FAB6E22AD59 /* Pods-TuneThatNameTests.debug.xcconfig */ = {isa = PBXFileReference; includeInIndex = 1; lastKnownFileType = text.xcconfig; name = "Pods-TuneThatNameTests.debug.xcconfig"; path = "Pods/Target Support Files/Pods-TuneThatNameTests/Pods-TuneThatNameTests.debug.xcconfig"; sourceTree = "<group>"; };
		F192ED219951BB97C649E0FC /* Pods-TuneThatNameIntegrationTests.release.xcconfig */ = {isa = PBXFileReference; includeInIndex = 1; lastKnownFileType = text.xcconfig; name = "Pods-TuneThatNameIntegrationTests.release.xcconfig"; path = "Pods/Target Support Files/Pods-TuneThatNameIntegrationTests/Pods-TuneThatNameIntegrationTests.release.xcconfig"; sourceTree = "<group>"; };
/* End PBXFileReference section */

/* Begin PBXFrameworksBuildPhase section */
		4467306A1AD9B41E0056A840 /* Frameworks */ = {
			isa = PBXFrameworksBuildPhase;
			buildActionMask = 2147483647;
			files = (
				4164F941306C806DCB698B44 /* Pods_TuneThatNameIntegrationTests.framework in Frameworks */,
			);
			runOnlyForDeploymentPostprocessing = 0;
		};
		44E9D5E31A952D2F001E4792 /* Frameworks */ = {
			isa = PBXFrameworksBuildPhase;
			buildActionMask = 2147483647;
			files = (
				441A9BF51BC1537500A57F11 /* SystemConfiguration.framework in Frameworks */,
				441A9BF31BC1535500A57F11 /* AVFoundation.framework in Frameworks */,
				4447107E1B73764A004F79C5 /* Spotify.framework in Frameworks */,
				1626BD4B92B820EDC793B971 /* Pods.framework in Frameworks */,
			);
			runOnlyForDeploymentPostprocessing = 0;
		};
		44E9D5F81A952D2F001E4792 /* Frameworks */ = {
			isa = PBXFrameworksBuildPhase;
			buildActionMask = 2147483647;
			files = (
				EB6288CF377998ECD558338C /* Pods_TuneThatNameTests.framework in Frameworks */,
			);
			runOnlyForDeploymentPostprocessing = 0;
		};
/* End PBXFrameworksBuildPhase section */

/* Begin PBXGroup section */
		4433E6241ABD9634006CE8B8 /* Controllers */ = {
			isa = PBXGroup;
			children = (
				44B2191B1AEA5C53002EA154 /* ControllerHelperSpec.swift */,
				443F89F31AE2A551005920B1 /* CreatePlaylistControllerSpec.swift */,
				4440E4A21B33954C005A4333 /* NameSelectionTableControllerSpec.swift */,
				447963511B3CD432003541BE /* PlaylistNameEntryControllerSpec.swift */,
				44410E641BB6D451001EB2B0 /* SingleNameEntryControllerSpec.swift */,
				44ACBEF61BFC9F5600946B31 /* SpotifyActionSheetControllerSpec.swift */,
				4433E6251ABD9708006CE8B8 /* SpotifyPlaylistTableControllerSpec.swift */,
				44B00FB61BA4534100C4F7BA /* SpotifySongSelectionTableControllerSpec.swift */,
				446B8F9E1B53C807002C687E /* SpotifyTrackViewControllerSpec.swift */,
			);
			path = Controllers;
			sourceTree = "<group>";
		};
		443F9EC21AA3FC4800705340 /* Services */ = {
			isa = PBXGroup;
			children = (
				4484B52A1AD1C7B300F33C8F /* ContactService.swift */,
				44FDE0BF1A9EB52E0052C6D1 /* EchoNestService.swift */,
				443F89F11AE2A3E1005920B1 /* PlaylistService.swift */,
				446B1C761B4964BB00E5FA22 /* PreferencesService.swift */,
				446DFDFF1AFFE3D00022B75F /* SpotifyAudioFacade.swift */,
				441A9BF71BCA997400A57F11 /* SpotifyAuthService.swift */,
				44BE53971AACEAD50089BFCD /* SpotifyPlaylistService.swift */,
				4474E3331BDC2DB00004E605 /* SpotifyUserService.swift */,
			);
			path = Services;
			sourceTree = "<group>";
		};
		443F9EC31AA3FCA500705340 /* Controllers */ = {
			isa = PBXGroup;
			children = (
				44AEBC971AE89DFF00D96CD1 /* ControllerHelper.swift */,
				4440E49C1B303CAD005A4333 /* CreatePlaylistController.swift */,
				4446FF0D1B2FD43100368ED7 /* NameSelectionTableController.swift */,
				4479634F1B397994003541BE /* PlaylistNameEntryController.swift */,
				44B00FB41BA44CAA00C4F7BA /* SingleNameEntryController.swift */,
				44ACBEF41BFC981500946B31 /* SpotifyActionSheetController.swift */,
				44BE538F1AA76A1E0089BFCD /* SpotifyPlaylistTableController.swift */,
				44B00FB21BA448D900C4F7BA /* SpotifySongSelectionTableController.swift */,
				449E66DA1B5135340036A9AD /* SpotifyTrackViewController.swift */,
			);
			path = Controllers;
			sourceTree = "<group>";
		};
		443F9EC41AA3FCBE00705340 /* Models */ = {
			isa = PBXGroup;
			children = (
				4484B52C1AD1C80400F33C8F /* Contact.swift */,
				4433E6271AC119A6006CE8B8 /* Playlist.swift */,
				4440E49E1B32DB10005A4333 /* PlaylistPreferences.swift */,
				44FDE0C11A9F40040052C6D1 /* Song.swift */,
				44C93D581B1D51AE008FDCDB /* SongPreferences.swift */,
				44AFD9B61B1722FC00E99FBF /* SpotifyTrack.swift */,
			);
			path = Models;
			sourceTree = "<group>";
		};
		443F9EC51AA3FCED00705340 /* Services */ = {
			isa = PBXGroup;
			children = (
				44FDE0BD1A9EB3410052C6D1 /* EchoNestServiceSpec.swift */,
				4484B5281AD1AD1600F33C8F /* ContactServiceSpec.swift */,
				44F696231AEB198F00F2C2F8 /* PlaylistServiceSpec.swift */,
				446B1C6F1B495D5400E5FA22 /* PreferencesServiceSpec.swift */,
				446DFE011B02183B0022B75F /* SpotifyAudioFacadeSpec.swift */,
				441A9BFB1BD108D900A57F11 /* SpotifyAuthServiceSpec.swift */,
				4474E3311BDB40670004E605 /* SpotifyPlaylistServiceSpec.swift */,
				4474E3371BDC47B40004E605 /* SpotifyUserServiceSpec.swift */,
			);
			path = Services;
			sourceTree = "<group>";
		};
		443F9EC61AA4BC9500705340 /* Mocks */ = {
			isa = PBXGroup;
			children = (
				445914811ACB6B1D00E9734C /* Mocker.swift */,
				4440E4A41B339725005A4333 /* MockContactService.swift */,
				44AFD9B41B16B99500E99FBF /* MockControllerHelper.swift */,
				44A0A8D41AEC57F900E7A2A1 /* MockEchoNestService.swift */,
				446B1C781B497FC000E5FA22 /* MockPreferencesService.swift */,
				446DFE031B0601470022B75F /* MockSpotifyAudioFacade.swift */,
				441A9BF91BCC6A8800A57F11 /* MockSpotifyAuthService.swift */,
				449E66DC1B5156DC0036A9AD /* MockSpotifyPlaybackDelegate.swift */,
				4474E3391BDD54BD0004E605 /* MockSpotifyUserService.swift */,
				441A9BFD1BD10A9E00A57F11 /* MockSPTAuth.swift */,
				443F9EC71AA4BCFF00705340 /* MockURLProtocol.swift */,
				446B1C731B4961A300E5FA22 /* MockUserDefaults.swift */,
			);
			path = Mocks;
			sourceTree = "<group>";
		};
		4467306E1AD9B41E0056A840 /* TuneThatNameIntegrationTests */ = {
			isa = PBXGroup;
			children = (
				446730781AD9B45B0056A840 /* Services */,
				4467306F1AD9B41E0056A840 /* Supporting Files */,
			);
			path = TuneThatNameIntegrationTests;
			sourceTree = "<group>";
		};
		4467306F1AD9B41E0056A840 /* Supporting Files */ = {
			isa = PBXGroup;
			children = (
				446730701AD9B41E0056A840 /* Info.plist */,
			);
			name = "Supporting Files";
			sourceTree = "<group>";
		};
		446730781AD9B45B0056A840 /* Services */ = {
			isa = PBXGroup;
			children = (
				446730791AD9B5E60056A840 /* ContactServiceSpec.swift */,
				446B1C711B495DDD00E5FA22 /* PreferencesServiceSpec.swift */,
				44BE53951AACEA1D0089BFCD /* SpotifyPlaylistServiceSpec.swift */,
				4474E3351BDC2F0A0004E605 /* SpotifyUserServiceSpec.swift */,
			);
			path = Services;
			sourceTree = "<group>";
		};
		44ACBEE01BFADF3800946B31 /* Resources */ = {
			isa = PBXGroup;
			children = (
				44ACBEE11BFADFA100946B31 /* Images */,
			);
			path = Resources;
			sourceTree = "<group>";
		};
		44ACBEE11BFADFA100946B31 /* Images */ = {
			isa = PBXGroup;
			children = (
				44ACBEF21BFB568700946B31 /* Dakirby309-Simply-Styled-Spotify.ico */,
			);
			path = Images;
			sourceTree = "<group>";
		};
		44AFD9BA1B18823000E99FBF /* Resources */ = {
			isa = PBXGroup;
			children = (
				44C93D5C1B1DD42E008FDCDB /* Data */,
				44AFD9BB1B18824D00E99FBF /* Images */,
			);
			path = Resources;
			sourceTree = "<group>";
		};
		44AFD9BB1B18824D00E99FBF /* Images */ = {
			isa = PBXGroup;
			children = (
				4447107F1B7A0AD0004F79C5 /* skull.png */,
				44AFD9B81B18822900E99FBF /* yuck.png */,
			);
			path = Images;
			sourceTree = "<group>";
		};
		44C93D5C1B1DD42E008FDCDB /* Data */ = {
			isa = PBXGroup;
			children = (
				44D3C1A41ACF1B2800F51EB9 /* echonest-response-data-timeout-error.txt */,
				443F9EC01AA39CAE00705340 /* echonest-response-data-one-song.txt */,
				445914741ACAB03A00E9734C /* echonest-response-data-one-song-no-foreign_id.txt */,
				44BE53931AAA31020089BFCD /* echonest-response-data-multiple-songs-with-incorrect-title.txt */,
				44A0A8DA1AF23D9200E7A2A1 /* echonest-response-data-multiple-songs.txt */,
				44A0A8DC1AF2400500E7A2A1 /* echonest-response-data-no-songs.txt */,
				44C93D5F1B1F1E92008FDCDB /* echonest-response-data-songs-with-discovery.txt */,
			);
			path = Data;
			sourceTree = "<group>";
		};
		44E9D5DD1A952D2F001E4792 = {
			isa = PBXGroup;
			children = (
				44E9D5E81A952D2F001E4792 /* TuneThatName */,
				44E9D5FE1A952D2F001E4792 /* TuneThatNameTests */,
				4467306E1AD9B41E0056A840 /* TuneThatNameIntegrationTests */,
				44E9D5E71A952D2F001E4792 /* Products */,
				BBEFF3283B3521024DBEA91B /* Pods */,
				5267B1DE1C08D6BCF6EE1253 /* Frameworks */,
			);
			sourceTree = "<group>";
		};
		44E9D5E71A952D2F001E4792 /* Products */ = {
			isa = PBXGroup;
			children = (
				44E9D5E61A952D2F001E4792 /* TuneThatName.app */,
				44E9D5FB1A952D2F001E4792 /* TuneThatNameTests.xctest */,
				4467306D1AD9B41E0056A840 /* TuneThatNameIntegrationTests.xctest */,
			);
			name = Products;
			sourceTree = "<group>";
		};
		44E9D5E81A952D2F001E4792 /* TuneThatName */ = {
			isa = PBXGroup;
			children = (
				443F9EC31AA3FCA500705340 /* Controllers */,
				443F9EC41AA3FCBE00705340 /* Models */,
				443F9EC21AA3FC4800705340 /* Services */,
				44E9D5EB1A952D2F001E4792 /* AppDelegate.swift */,
				44D3C1A81ACF1DDF00F51EB9 /* Constants.swift */,
				44E9D5EF1A952D2F001E4792 /* Main.storyboard */,
				44E9D5F21A952D2F001E4792 /* Images.xcassets */,
				44E9D5F41A952D2F001E4792 /* LaunchScreen.xib */,
				44E9D5E91A952D2F001E4792 /* Supporting Files */,
				44ACBEE01BFADF3800946B31 /* Resources */,
				443963981A97567100E0C385 /* TuneThatName-Bridging-Header.h */,
			);
			path = TuneThatName;
			sourceTree = "<group>";
		};
		44E9D5E91A952D2F001E4792 /* Supporting Files */ = {
			isa = PBXGroup;
			children = (
				44E9D5EA1A952D2F001E4792 /* Info.plist */,
			);
			name = "Supporting Files";
			sourceTree = "<group>";
		};
		44E9D5FE1A952D2F001E4792 /* TuneThatNameTests */ = {
			isa = PBXGroup;
			children = (
				4433E6241ABD9634006CE8B8 /* Controllers */,
				44FBFE961AC650CC0087C9FF /* Models */,
				443F9EC61AA4BC9500705340 /* Mocks */,
				443F9EC51AA3FCED00705340 /* Services */,
				44E9D5FF1A952D2F001E4792 /* Supporting Files */,
				44AFD9BA1B18823000E99FBF /* Resources */,
			);
			path = TuneThatNameTests;
			sourceTree = "<group>";
		};
		44E9D5FF1A952D2F001E4792 /* Supporting Files */ = {
			isa = PBXGroup;
			children = (
				44E9D6001A952D2F001E4792 /* Info.plist */,
			);
			name = "Supporting Files";
			sourceTree = "<group>";
		};
		44FBFE961AC650CC0087C9FF /* Models */ = {
			isa = PBXGroup;
			children = (
				4484B52E1AD36C0C00F33C8F /* ContactSpec.swift */,
				4440E4A01B32DC8E005A4333 /* PlaylistPreferencesSpec.swift */,
				44FBFE991AC655050087C9FF /* PlaylistSpec.swift */,
				44FBFE971AC650EE0087C9FF /* SongSpec.swift */,
				44C93D5A1B1D5D2E008FDCDB /* SongPreferencesSpec.swift */,
			);
			path = Models;
			sourceTree = "<group>";
		};
		5267B1DE1C08D6BCF6EE1253 /* Frameworks */ = {
			isa = PBXGroup;
			children = (
				441A9BF41BC1537500A57F11 /* SystemConfiguration.framework */,
				4447107D1B73764A004F79C5 /* Spotify.framework */,
				443963941A9755FA00E0C385 /* AVFoundation.framework */,
				C9038133D111DE159169DBFD /* Pods_TuneThatNameTests.framework */,
				2C42088056DB800A75BCFC0F /* Pods_TuneThatName.framework */,
				4CFF842C549D9522FF3D0601 /* Pods.framework */,
				5A47FA193F9049FB6779A49F /* Pods_TuneThatNameIntegrationTests.framework */,
			);
			name = Frameworks;
			sourceTree = "<group>";
		};
		BBEFF3283B3521024DBEA91B /* Pods */ = {
			isa = PBXGroup;
			children = (
				E3D4EF98625A9FAB6E22AD59 /* Pods-TuneThatNameTests.debug.xcconfig */,
				7F1FEA9E6D968643657B0B3A /* Pods-TuneThatNameTests.release.xcconfig */,
				8D9DA7E43ABBFE8437691456 /* Pods-TuneThatName.debug.xcconfig */,
				8B0A10FCB31F7FC575879C59 /* Pods-TuneThatName.release.xcconfig */,
				750B2AB07B1625927EAA3522 /* Pods.debug.xcconfig */,
				A2393EA9661264AFAB780F39 /* Pods.release.xcconfig */,
				DA9ABBC43699FA99115F8466 /* Pods-TuneThatNameIntegrationTests.debug.xcconfig */,
				F192ED219951BB97C649E0FC /* Pods-TuneThatNameIntegrationTests.release.xcconfig */,
			);
			name = Pods;
			sourceTree = "<group>";
		};
/* End PBXGroup section */

/* Begin PBXNativeTarget section */
		4467306C1AD9B41E0056A840 /* TuneThatNameIntegrationTests */ = {
			isa = PBXNativeTarget;
			buildConfigurationList = 446730771AD9B41E0056A840 /* Build configuration list for PBXNativeTarget "TuneThatNameIntegrationTests" */;
			buildPhases = (
				5EFF505BE22E654FE862E173 /* Check Pods Manifest.lock */,
				446730691AD9B41E0056A840 /* Sources */,
				4467306A1AD9B41E0056A840 /* Frameworks */,
				4467306B1AD9B41E0056A840 /* Resources */,
				D928E915280AE405A660CC7D /* Embed Pods Frameworks */,
				7424A05A0E90AE3734C262B4 /* Copy Pods Resources */,
			);
			buildRules = (
			);
			dependencies = (
				446730741AD9B41E0056A840 /* PBXTargetDependency */,
			);
			name = TuneThatNameIntegrationTests;
			productName = TuneThatNameIntegrationTests;
			productReference = 4467306D1AD9B41E0056A840 /* TuneThatNameIntegrationTests.xctest */;
			productType = "com.apple.product-type.bundle.unit-test";
		};
		44E9D5E51A952D2F001E4792 /* TuneThatName */ = {
			isa = PBXNativeTarget;
			buildConfigurationList = 44E9D6051A952D2F001E4792 /* Build configuration list for PBXNativeTarget "TuneThatName" */;
			buildPhases = (
				5E1B1FE13304475754D2C9F8 /* Check Pods Manifest.lock */,
				44E9D5E21A952D2F001E4792 /* Sources */,
				44E9D5E31A952D2F001E4792 /* Frameworks */,
				44E9D5E41A952D2F001E4792 /* Resources */,
				8EAF43C33285473A560D9C6D /* Copy Pods Resources */,
				44CC22AC0DEE2B01DAA5B259 /* Embed Pods Frameworks */,
			);
			buildRules = (
			);
			dependencies = (
			);
			name = TuneThatName;
			productName = TuneThatName;
			productReference = 44E9D5E61A952D2F001E4792 /* TuneThatName.app */;
			productType = "com.apple.product-type.application";
		};
		44E9D5FA1A952D2F001E4792 /* TuneThatNameTests */ = {
			isa = PBXNativeTarget;
			buildConfigurationList = 44E9D6081A952D2F001E4792 /* Build configuration list for PBXNativeTarget "TuneThatNameTests" */;
			buildPhases = (
				4BA1D03B91D06747FDF7E62A /* Check Pods Manifest.lock */,
				44E9D5F71A952D2F001E4792 /* Sources */,
				44E9D5F81A952D2F001E4792 /* Frameworks */,
				44E9D5F91A952D2F001E4792 /* Resources */,
				F4B3D3A630F7B1B25A6B8717 /* Embed Pods Frameworks */,
				F2A3C5E45FC33A8E62E28CE9 /* Copy Pods Resources */,
			);
			buildRules = (
			);
			dependencies = (
				44E9D5FD1A952D2F001E4792 /* PBXTargetDependency */,
			);
			name = TuneThatNameTests;
			productName = TuneThatNameTests;
			productReference = 44E9D5FB1A952D2F001E4792 /* TuneThatNameTests.xctest */;
			productType = "com.apple.product-type.bundle.unit-test";
		};
/* End PBXNativeTarget section */

/* Begin PBXProject section */
		44E9D5DE1A952D2F001E4792 /* Project object */ = {
			isa = PBXProject;
			attributes = {
				LastSwiftUpdateCheck = 0700;
				LastUpgradeCheck = 0700;
				ORGANIZATIONNAME = "Tony Brock";
				TargetAttributes = {
					4467306C1AD9B41E0056A840 = {
						CreatedOnToolsVersion = 6.2;
						TestTargetID = 44E9D5E51A952D2F001E4792;
					};
					44E9D5E51A952D2F001E4792 = {
						CreatedOnToolsVersion = 6.1.1;
						DevelopmentTeam = 2HTEKY22E7;
					};
					44E9D5FA1A952D2F001E4792 = {
						CreatedOnToolsVersion = 6.1.1;
						TestTargetID = 44E9D5E51A952D2F001E4792;
					};
				};
			};
			buildConfigurationList = 44E9D5E11A952D2F001E4792 /* Build configuration list for PBXProject "TuneThatName" */;
			compatibilityVersion = "Xcode 3.2";
			developmentRegion = English;
			hasScannedForEncodings = 0;
			knownRegions = (
				en,
				Base,
			);
			mainGroup = 44E9D5DD1A952D2F001E4792;
			productRefGroup = 44E9D5E71A952D2F001E4792 /* Products */;
			projectDirPath = "";
			projectRoot = "";
			targets = (
				44E9D5E51A952D2F001E4792 /* TuneThatName */,
				44E9D5FA1A952D2F001E4792 /* TuneThatNameTests */,
				4467306C1AD9B41E0056A840 /* TuneThatNameIntegrationTests */,
			);
		};
/* End PBXProject section */

/* Begin PBXResourcesBuildPhase section */
		4467306B1AD9B41E0056A840 /* Resources */ = {
			isa = PBXResourcesBuildPhase;
			buildActionMask = 2147483647;
			files = (
			);
			runOnlyForDeploymentPostprocessing = 0;
		};
		44E9D5E41A952D2F001E4792 /* Resources */ = {
			isa = PBXResourcesBuildPhase;
			buildActionMask = 2147483647;
			files = (
				44E9D5F11A952D2F001E4792 /* Main.storyboard in Resources */,
				44ACBEF31BFB568700946B31 /* Dakirby309-Simply-Styled-Spotify.ico in Resources */,
				44E9D5F61A952D2F001E4792 /* LaunchScreen.xib in Resources */,
				44E9D5F31A952D2F001E4792 /* Images.xcassets in Resources */,
			);
			runOnlyForDeploymentPostprocessing = 0;
		};
		44E9D5F91A952D2F001E4792 /* Resources */ = {
			isa = PBXResourcesBuildPhase;
			buildActionMask = 2147483647;
			files = (
				44BE53941AAA31020089BFCD /* echonest-response-data-multiple-songs-with-incorrect-title.txt in Resources */,
				444710801B7A0AD0004F79C5 /* skull.png in Resources */,
				44AFD9B91B18822900E99FBF /* yuck.png in Resources */,
				443F9EC11AA39CAE00705340 /* echonest-response-data-one-song.txt in Resources */,
				44C93D601B1F1E92008FDCDB /* echonest-response-data-songs-with-discovery.txt in Resources */,
				44A0A8DB1AF23D9200E7A2A1 /* echonest-response-data-multiple-songs.txt in Resources */,
				44D3C1A51ACF1B2800F51EB9 /* echonest-response-data-timeout-error.txt in Resources */,
				44A0A8DD1AF2400500E7A2A1 /* echonest-response-data-no-songs.txt in Resources */,
				445914751ACAB03A00E9734C /* echonest-response-data-one-song-no-foreign_id.txt in Resources */,
			);
			runOnlyForDeploymentPostprocessing = 0;
		};
/* End PBXResourcesBuildPhase section */

/* Begin PBXShellScriptBuildPhase section */
		44CC22AC0DEE2B01DAA5B259 /* Embed Pods Frameworks */ = {
			isa = PBXShellScriptBuildPhase;
			buildActionMask = 2147483647;
			files = (
			);
			inputPaths = (
			);
			name = "Embed Pods Frameworks";
			outputPaths = (
			);
			runOnlyForDeploymentPostprocessing = 0;
			shellPath = /bin/sh;
			shellScript = "\"${SRCROOT}/Pods/Target Support Files/Pods/Pods-frameworks.sh\"\n";
			showEnvVarsInLog = 0;
		};
		4BA1D03B91D06747FDF7E62A /* Check Pods Manifest.lock */ = {
			isa = PBXShellScriptBuildPhase;
			buildActionMask = 2147483647;
			files = (
			);
			inputPaths = (
			);
			name = "Check Pods Manifest.lock";
			outputPaths = (
			);
			runOnlyForDeploymentPostprocessing = 0;
			shellPath = /bin/sh;
			shellScript = "diff \"${PODS_ROOT}/../Podfile.lock\" \"${PODS_ROOT}/Manifest.lock\" > /dev/null\nif [[ $? != 0 ]] ; then\n    cat << EOM\nerror: The sandbox is not in sync with the Podfile.lock. Run 'pod install' or update your CocoaPods installation.\nEOM\n    exit 1\nfi\n";
			showEnvVarsInLog = 0;
		};
		5E1B1FE13304475754D2C9F8 /* Check Pods Manifest.lock */ = {
			isa = PBXShellScriptBuildPhase;
			buildActionMask = 2147483647;
			files = (
			);
			inputPaths = (
			);
			name = "Check Pods Manifest.lock";
			outputPaths = (
			);
			runOnlyForDeploymentPostprocessing = 0;
			shellPath = /bin/sh;
			shellScript = "diff \"${PODS_ROOT}/../Podfile.lock\" \"${PODS_ROOT}/Manifest.lock\" > /dev/null\nif [[ $? != 0 ]] ; then\n    cat << EOM\nerror: The sandbox is not in sync with the Podfile.lock. Run 'pod install' or update your CocoaPods installation.\nEOM\n    exit 1\nfi\n";
			showEnvVarsInLog = 0;
		};
		5EFF505BE22E654FE862E173 /* Check Pods Manifest.lock */ = {
			isa = PBXShellScriptBuildPhase;
			buildActionMask = 2147483647;
			files = (
			);
			inputPaths = (
			);
			name = "Check Pods Manifest.lock";
			outputPaths = (
			);
			runOnlyForDeploymentPostprocessing = 0;
			shellPath = /bin/sh;
			shellScript = "diff \"${PODS_ROOT}/../Podfile.lock\" \"${PODS_ROOT}/Manifest.lock\" > /dev/null\nif [[ $? != 0 ]] ; then\n    cat << EOM\nerror: The sandbox is not in sync with the Podfile.lock. Run 'pod install' or update your CocoaPods installation.\nEOM\n    exit 1\nfi\n";
			showEnvVarsInLog = 0;
		};
		7424A05A0E90AE3734C262B4 /* Copy Pods Resources */ = {
			isa = PBXShellScriptBuildPhase;
			buildActionMask = 2147483647;
			files = (
			);
			inputPaths = (
			);
			name = "Copy Pods Resources";
			outputPaths = (
			);
			runOnlyForDeploymentPostprocessing = 0;
			shellPath = /bin/sh;
			shellScript = "\"${SRCROOT}/Pods/Target Support Files/Pods-TuneThatNameIntegrationTests/Pods-TuneThatNameIntegrationTests-resources.sh\"\n";
			showEnvVarsInLog = 0;
		};
		8EAF43C33285473A560D9C6D /* Copy Pods Resources */ = {
			isa = PBXShellScriptBuildPhase;
			buildActionMask = 2147483647;
			files = (
			);
			inputPaths = (
			);
			name = "Copy Pods Resources";
			outputPaths = (
			);
			runOnlyForDeploymentPostprocessing = 0;
			shellPath = /bin/sh;
			shellScript = "\"${SRCROOT}/Pods/Target Support Files/Pods/Pods-resources.sh\"\n";
			showEnvVarsInLog = 0;
		};
		D928E915280AE405A660CC7D /* Embed Pods Frameworks */ = {
			isa = PBXShellScriptBuildPhase;
			buildActionMask = 2147483647;
			files = (
			);
			inputPaths = (
			);
			name = "Embed Pods Frameworks";
			outputPaths = (
			);
			runOnlyForDeploymentPostprocessing = 0;
			shellPath = /bin/sh;
			shellScript = "\"${SRCROOT}/Pods/Target Support Files/Pods-TuneThatNameIntegrationTests/Pods-TuneThatNameIntegrationTests-frameworks.sh\"\n";
			showEnvVarsInLog = 0;
		};
		F2A3C5E45FC33A8E62E28CE9 /* Copy Pods Resources */ = {
			isa = PBXShellScriptBuildPhase;
			buildActionMask = 2147483647;
			files = (
			);
			inputPaths = (
			);
			name = "Copy Pods Resources";
			outputPaths = (
			);
			runOnlyForDeploymentPostprocessing = 0;
			shellPath = /bin/sh;
			shellScript = "\"${SRCROOT}/Pods/Target Support Files/Pods-TuneThatNameTests/Pods-TuneThatNameTests-resources.sh\"\n";
			showEnvVarsInLog = 0;
		};
		F4B3D3A630F7B1B25A6B8717 /* Embed Pods Frameworks */ = {
			isa = PBXShellScriptBuildPhase;
			buildActionMask = 2147483647;
			files = (
			);
			inputPaths = (
			);
			name = "Embed Pods Frameworks";
			outputPaths = (
			);
			runOnlyForDeploymentPostprocessing = 0;
			shellPath = /bin/sh;
			shellScript = "\"${SRCROOT}/Pods/Target Support Files/Pods-TuneThatNameTests/Pods-TuneThatNameTests-frameworks.sh\"\n";
			showEnvVarsInLog = 0;
		};
/* End PBXShellScriptBuildPhase section */

/* Begin PBXSourcesBuildPhase section */
		446730691AD9B41E0056A840 /* Sources */ = {
			isa = PBXSourcesBuildPhase;
			buildActionMask = 2147483647;
			files = (
				4474E3361BDC2F0A0004E605 /* SpotifyUserServiceSpec.swift in Sources */,
				446B1C721B495DDD00E5FA22 /* PreferencesServiceSpec.swift in Sources */,
				4467307B1AD9B7340056A840 /* SpotifyPlaylistServiceSpec.swift in Sources */,
				4467307A1AD9B5E60056A840 /* ContactServiceSpec.swift in Sources */,
			);
			runOnlyForDeploymentPostprocessing = 0;
		};
		44E9D5E21A952D2F001E4792 /* Sources */ = {
			isa = PBXSourcesBuildPhase;
			buildActionMask = 2147483647;
			files = (
				44BE53901AA76A1E0089BFCD /* SpotifyPlaylistTableController.swift in Sources */,
				447963501B397994003541BE /* PlaylistNameEntryController.swift in Sources */,
				446DFE001AFFE3D00022B75F /* SpotifyAudioFacade.swift in Sources */,
				44FDE0C01A9EB52E0052C6D1 /* EchoNestService.swift in Sources */,
				4440E49D1B303CAD005A4333 /* CreatePlaylistController.swift in Sources */,
				4484B52D1AD1C80400F33C8F /* Contact.swift in Sources */,
				44C93D591B1D51AE008FDCDB /* SongPreferences.swift in Sources */,
				44B00FB31BA448D900C4F7BA /* SpotifySongSelectionTableController.swift in Sources */,
				443F89F21AE2A3E1005920B1 /* PlaylistService.swift in Sources */,
				4474E3341BDC2DB00004E605 /* SpotifyUserService.swift in Sources */,
				4484B52B1AD1C7B300F33C8F /* ContactService.swift in Sources */,
				44FDE0C21A9F40040052C6D1 /* Song.swift in Sources */,
				4440E49F1B32DB10005A4333 /* PlaylistPreferences.swift in Sources */,
				4433E6281AC119A6006CE8B8 /* Playlist.swift in Sources */,
				4446FF0E1B2FD43100368ED7 /* NameSelectionTableController.swift in Sources */,
				446B1C771B4964BB00E5FA22 /* PreferencesService.swift in Sources */,
				44E9D5EC1A952D2F001E4792 /* AppDelegate.swift in Sources */,
				44BE53981AACEAD50089BFCD /* SpotifyPlaylistService.swift in Sources */,
				44AFD9B71B1722FC00E99FBF /* SpotifyTrack.swift in Sources */,
				441A9BF81BCA997400A57F11 /* SpotifyAuthService.swift in Sources */,
				449E66DB1B5135340036A9AD /* SpotifyTrackViewController.swift in Sources */,
				44B00FB51BA44CAA00C4F7BA /* SingleNameEntryController.swift in Sources */,
				44ACBEF51BFC981500946B31 /* SpotifyActionSheetController.swift in Sources */,
				44AEBC981AE89DFF00D96CD1 /* ControllerHelper.swift in Sources */,
				44D3C1A91ACF1DDF00F51EB9 /* Constants.swift in Sources */,
			);
			runOnlyForDeploymentPostprocessing = 0;
		};
		44E9D5F71A952D2F001E4792 /* Sources */ = {
			isa = PBXSourcesBuildPhase;
			buildActionMask = 2147483647;
			files = (
				4474E3381BDC47B40004E605 /* SpotifyUserServiceSpec.swift in Sources */,
				44F696241AEB198F00F2C2F8 /* PlaylistServiceSpec.swift in Sources */,
				445914821ACB6B1D00E9734C /* Mocker.swift in Sources */,
				446DFE021B02183B0022B75F /* SpotifyAudioFacadeSpec.swift in Sources */,
				44410E651BB6D451001EB2B0 /* SingleNameEntryControllerSpec.swift in Sources */,
				44AFD9B51B16B99500E99FBF /* MockControllerHelper.swift in Sources */,
				446B1C791B497FC000E5FA22 /* MockPreferencesService.swift in Sources */,
				44FDE0BE1A9EB3410052C6D1 /* EchoNestServiceSpec.swift in Sources */,
				441A9BFE1BD10A9E00A57F11 /* MockSPTAuth.swift in Sources */,
				4440E4A11B32DC8E005A4333 /* PlaylistPreferencesSpec.swift in Sources */,
				44FBFE981AC650EE0087C9FF /* SongSpec.swift in Sources */,
				446B1C701B495D5400E5FA22 /* PreferencesServiceSpec.swift in Sources */,
				44B2191C1AEA5C53002EA154 /* ControllerHelperSpec.swift in Sources */,
				446B8F9F1B53C807002C687E /* SpotifyTrackViewControllerSpec.swift in Sources */,
				4474E33A1BDD54BD0004E605 /* MockSpotifyUserService.swift in Sources */,
				449E66DD1B5156DC0036A9AD /* MockSpotifyPlaybackDelegate.swift in Sources */,
				44FBFE9A1AC655050087C9FF /* PlaylistSpec.swift in Sources */,
				446B1C741B4961A300E5FA22 /* MockUserDefaults.swift in Sources */,
				4484B52F1AD36C0C00F33C8F /* ContactSpec.swift in Sources */,
				44ACBEF71BFC9F5600946B31 /* SpotifyActionSheetControllerSpec.swift in Sources */,
				4440E4A31B33954C005A4333 /* NameSelectionTableControllerSpec.swift in Sources */,
				443F89F41AE2A551005920B1 /* CreatePlaylistControllerSpec.swift in Sources */,
				44B00FB71BA4534100C4F7BA /* SpotifySongSelectionTableControllerSpec.swift in Sources */,
				4484B5291AD1AD1600F33C8F /* ContactServiceSpec.swift in Sources */,
				4440E4A51B339725005A4333 /* MockContactService.swift in Sources */,
				446DFE041B0601470022B75F /* MockSpotifyAudioFacade.swift in Sources */,
				4474E3321BDB40670004E605 /* SpotifyPlaylistServiceSpec.swift in Sources */,
				441A9BFC1BD108D900A57F11 /* SpotifyAuthServiceSpec.swift in Sources */,
				4433E6261ABD9708006CE8B8 /* SpotifyPlaylistTableControllerSpec.swift in Sources */,
				44C93D5B1B1D5D2E008FDCDB /* SongPreferencesSpec.swift in Sources */,
				443F9EC81AA4BCFF00705340 /* MockURLProtocol.swift in Sources */,
				44A0A8D51AEC57F900E7A2A1 /* MockEchoNestService.swift in Sources */,
				441A9BFA1BCC6A8800A57F11 /* MockSpotifyAuthService.swift in Sources */,
				447963521B3CD432003541BE /* PlaylistNameEntryControllerSpec.swift in Sources */,
			);
			runOnlyForDeploymentPostprocessing = 0;
		};
/* End PBXSourcesBuildPhase section */

/* Begin PBXTargetDependency section */
		446730741AD9B41E0056A840 /* PBXTargetDependency */ = {
			isa = PBXTargetDependency;
			target = 44E9D5E51A952D2F001E4792 /* TuneThatName */;
			targetProxy = 446730731AD9B41E0056A840 /* PBXContainerItemProxy */;
		};
		44E9D5FD1A952D2F001E4792 /* PBXTargetDependency */ = {
			isa = PBXTargetDependency;
			target = 44E9D5E51A952D2F001E4792 /* TuneThatName */;
			targetProxy = 44E9D5FC1A952D2F001E4792 /* PBXContainerItemProxy */;
		};
/* End PBXTargetDependency section */

/* Begin PBXVariantGroup section */
		44E9D5EF1A952D2F001E4792 /* Main.storyboard */ = {
			isa = PBXVariantGroup;
			children = (
				44E9D5F01A952D2F001E4792 /* Base */,
			);
			name = Main.storyboard;
			sourceTree = "<group>";
		};
		44E9D5F41A952D2F001E4792 /* LaunchScreen.xib */ = {
			isa = PBXVariantGroup;
			children = (
				44E9D5F51A952D2F001E4792 /* Base */,
			);
			name = LaunchScreen.xib;
			sourceTree = "<group>";
		};
/* End PBXVariantGroup section */

/* Begin XCBuildConfiguration section */
		446730751AD9B41E0056A840 /* Debug */ = {
			isa = XCBuildConfiguration;
			baseConfigurationReference = DA9ABBC43699FA99115F8466 /* Pods-TuneThatNameIntegrationTests.debug.xcconfig */;
			buildSettings = {
				BUNDLE_LOADER = "$(TEST_HOST)";
				CLANG_ENABLE_MODULES = YES;
				FRAMEWORK_SEARCH_PATHS = (
					"$(SDKROOT)/Developer/Library/Frameworks",
					"$(inherited)",
					"$(PROJECT_DIR)/Frameworks",
				);
				GCC_PREPROCESSOR_DEFINITIONS = (
					"DEBUG=1",
					"$(inherited)",
				);
				INFOPLIST_FILE = TuneThatNameIntegrationTests/Info.plist;
				IPHONEOS_DEPLOYMENT_TARGET = 8.2;
				LD_RUNPATH_SEARCH_PATHS = "$(inherited) @executable_path/Frameworks @loader_path/Frameworks";
				PRODUCT_BUNDLE_IDENTIFIER = "com.mcsearchin.$(PRODUCT_NAME:rfc1034identifier)";
				PRODUCT_NAME = "$(TARGET_NAME)";
				SWIFT_OBJC_BRIDGING_HEADER = "$SRCROOT/TuneThatName/TuneThatName-Bridging-Header.h";
				SWIFT_OPTIMIZATION_LEVEL = "-Onone";
				TEST_HOST = "$(BUILT_PRODUCTS_DIR)/TuneThatName.app/TuneThatName";
			};
			name = Debug;
		};
		446730761AD9B41E0056A840 /* Release */ = {
			isa = XCBuildConfiguration;
			baseConfigurationReference = F192ED219951BB97C649E0FC /* Pods-TuneThatNameIntegrationTests.release.xcconfig */;
			buildSettings = {
				BUNDLE_LOADER = "$(TEST_HOST)";
				CLANG_ENABLE_MODULES = YES;
				COPY_PHASE_STRIP = NO;
				FRAMEWORK_SEARCH_PATHS = (
					"$(SDKROOT)/Developer/Library/Frameworks",
					"$(inherited)",
					"$(PROJECT_DIR)/Frameworks",
				);
				INFOPLIST_FILE = TuneThatNameIntegrationTests/Info.plist;
				IPHONEOS_DEPLOYMENT_TARGET = 8.2;
				LD_RUNPATH_SEARCH_PATHS = "$(inherited) @executable_path/Frameworks @loader_path/Frameworks";
				PRODUCT_BUNDLE_IDENTIFIER = "com.mcsearchin.$(PRODUCT_NAME:rfc1034identifier)";
				PRODUCT_NAME = "$(TARGET_NAME)";
				SWIFT_OBJC_BRIDGING_HEADER = "$SRCROOT/TuneThatName/TuneThatName-Bridging-Header.h";
				TEST_HOST = "$(BUILT_PRODUCTS_DIR)/TuneThatName.app/TuneThatName";
			};
			name = Release;
		};
		44E9D6031A952D2F001E4792 /* Debug */ = {
			isa = XCBuildConfiguration;
			buildSettings = {
				ALWAYS_SEARCH_USER_PATHS = NO;
				CLANG_CXX_LANGUAGE_STANDARD = "gnu++0x";
				CLANG_CXX_LIBRARY = "libc++";
				CLANG_ENABLE_MODULES = YES;
				CLANG_ENABLE_OBJC_ARC = YES;
				CLANG_WARN_BOOL_CONVERSION = YES;
				CLANG_WARN_CONSTANT_CONVERSION = YES;
				CLANG_WARN_DIRECT_OBJC_ISA_USAGE = YES_ERROR;
				CLANG_WARN_EMPTY_BODY = YES;
				CLANG_WARN_ENUM_CONVERSION = YES;
				CLANG_WARN_INT_CONVERSION = YES;
				CLANG_WARN_OBJC_ROOT_CLASS = YES_ERROR;
				CLANG_WARN_UNREACHABLE_CODE = YES;
				CLANG_WARN__DUPLICATE_METHOD_MATCH = YES;
				"CODE_SIGN_IDENTITY[sdk=iphoneos*]" = "iPhone Developer";
				COPY_PHASE_STRIP = NO;
				ENABLE_STRICT_OBJC_MSGSEND = YES;
				ENABLE_TESTABILITY = YES;
				GCC_C_LANGUAGE_STANDARD = gnu99;
				GCC_DYNAMIC_NO_PIC = NO;
				GCC_OPTIMIZATION_LEVEL = 0;
				GCC_PREPROCESSOR_DEFINITIONS = (
					"DEBUG=1",
					"$(inherited)",
				);
				GCC_SYMBOLS_PRIVATE_EXTERN = NO;
				GCC_WARN_64_TO_32_BIT_CONVERSION = YES;
				GCC_WARN_ABOUT_RETURN_TYPE = YES_ERROR;
				GCC_WARN_UNDECLARED_SELECTOR = YES;
				GCC_WARN_UNINITIALIZED_AUTOS = YES_AGGRESSIVE;
				GCC_WARN_UNUSED_FUNCTION = YES;
				GCC_WARN_UNUSED_VARIABLE = YES;
				IPHONEOS_DEPLOYMENT_TARGET = 8.0;
				MTL_ENABLE_DEBUG_INFO = YES;
				ONLY_ACTIVE_ARCH = YES;
				SDKROOT = iphoneos;
				SWIFT_OPTIMIZATION_LEVEL = "-Onone";
				TARGETED_DEVICE_FAMILY = "1,2";
			};
			name = Debug;
		};
		44E9D6041A952D2F001E4792 /* Release */ = {
			isa = XCBuildConfiguration;
			buildSettings = {
				ALWAYS_SEARCH_USER_PATHS = NO;
				CLANG_CXX_LANGUAGE_STANDARD = "gnu++0x";
				CLANG_CXX_LIBRARY = "libc++";
				CLANG_ENABLE_MODULES = YES;
				CLANG_ENABLE_OBJC_ARC = YES;
				CLANG_WARN_BOOL_CONVERSION = YES;
				CLANG_WARN_CONSTANT_CONVERSION = YES;
				CLANG_WARN_DIRECT_OBJC_ISA_USAGE = YES_ERROR;
				CLANG_WARN_EMPTY_BODY = YES;
				CLANG_WARN_ENUM_CONVERSION = YES;
				CLANG_WARN_INT_CONVERSION = YES;
				CLANG_WARN_OBJC_ROOT_CLASS = YES_ERROR;
				CLANG_WARN_UNREACHABLE_CODE = YES;
				CLANG_WARN__DUPLICATE_METHOD_MATCH = YES;
				"CODE_SIGN_IDENTITY[sdk=iphoneos*]" = "iPhone Developer";
				COPY_PHASE_STRIP = YES;
				ENABLE_NS_ASSERTIONS = NO;
				ENABLE_STRICT_OBJC_MSGSEND = YES;
				GCC_C_LANGUAGE_STANDARD = gnu99;
				GCC_WARN_64_TO_32_BIT_CONVERSION = YES;
				GCC_WARN_ABOUT_RETURN_TYPE = YES_ERROR;
				GCC_WARN_UNDECLARED_SELECTOR = YES;
				GCC_WARN_UNINITIALIZED_AUTOS = YES_AGGRESSIVE;
				GCC_WARN_UNUSED_FUNCTION = YES;
				GCC_WARN_UNUSED_VARIABLE = YES;
				IPHONEOS_DEPLOYMENT_TARGET = 8.0;
				MTL_ENABLE_DEBUG_INFO = NO;
				SDKROOT = iphoneos;
				TARGETED_DEVICE_FAMILY = "1,2";
				VALIDATE_PRODUCT = YES;
			};
			name = Release;
		};
		44E9D6061A952D2F001E4792 /* Debug */ = {
			isa = XCBuildConfiguration;
			baseConfigurationReference = 750B2AB07B1625927EAA3522 /* Pods.debug.xcconfig */;
			buildSettings = {
				ASSETCATALOG_COMPILER_APPICON_NAME = AppIcon;
				CLANG_ENABLE_MODULES = YES;
				CODE_SIGN_IDENTITY = "iPhone Developer";
				"CODE_SIGN_IDENTITY[sdk=iphoneos*]" = "iPhone Developer";
				ENABLE_BITCODE = NO;
				FRAMEWORK_SEARCH_PATHS = (
					"$(inherited)",
					"$(PROJECT_DIR)",
					"$(PROJECT_DIR)/Frameworks",
				);
				HEADER_SEARCH_PATHS = (
					"$(inherited)",
					/Applications/Xcode.app/Contents/Developer/Toolchains/XcodeDefault.xctoolchain/usr/include,
				);
				INFOPLIST_FILE = TuneThatName/Info.plist;
				IPHONEOS_DEPLOYMENT_TARGET = 8.0;
				LD_RUNPATH_SEARCH_PATHS = "$(inherited) @executable_path/Frameworks";
				OTHER_LDFLAGS = (
					"$(inherited)",
					"-framework",
					"\"Alamofire\"",
					"-framework",
					"\"SwiftyJSON\"",
					"-ObjC",
				);
				PRODUCT_BUNDLE_IDENTIFIER = "com.mcsearchin.$(PRODUCT_NAME:rfc1034identifier)";
				PRODUCT_NAME = "$(TARGET_NAME)";
				PROVISIONING_PROFILE = "";
				SWIFT_OBJC_BRIDGING_HEADER = "TuneThatName/TuneThatName-Bridging-Header.h";
				SWIFT_OPTIMIZATION_LEVEL = "-Onone";
			};
			name = Debug;
		};
		44E9D6071A952D2F001E4792 /* Release */ = {
			isa = XCBuildConfiguration;
			baseConfigurationReference = A2393EA9661264AFAB780F39 /* Pods.release.xcconfig */;
			buildSettings = {
				ASSETCATALOG_COMPILER_APPICON_NAME = AppIcon;
				CLANG_ENABLE_MODULES = YES;
				CODE_SIGN_IDENTITY = "iPhone Developer";
				"CODE_SIGN_IDENTITY[sdk=iphoneos*]" = "iPhone Developer";
				ENABLE_BITCODE = NO;
				FRAMEWORK_SEARCH_PATHS = (
					"$(inherited)",
					"$(PROJECT_DIR)",
					"$(PROJECT_DIR)/Frameworks",
				);
				HEADER_SEARCH_PATHS = (
					"$(inherited)",
					/Applications/Xcode.app/Contents/Developer/Toolchains/XcodeDefault.xctoolchain/usr/include,
				);
				INFOPLIST_FILE = TuneThatName/Info.plist;
				IPHONEOS_DEPLOYMENT_TARGET = 8.0;
				LD_RUNPATH_SEARCH_PATHS = "$(inherited) @executable_path/Frameworks";
				OTHER_LDFLAGS = (
					"$(inherited)",
					"-framework",
					"\"Alamofire\"",
					"-framework",
					"\"SwiftyJSON\"",
					"-ObjC",
				);
				PRODUCT_BUNDLE_IDENTIFIER = "com.mcsearchin.$(PRODUCT_NAME:rfc1034identifier)";
				PRODUCT_NAME = "$(TARGET_NAME)";
				PROVISIONING_PROFILE = "";
				SWIFT_OBJC_BRIDGING_HEADER = "TuneThatName/TuneThatName-Bridging-Header.h";
			};
			name = Release;
		};
		44E9D6091A952D2F001E4792 /* Debug */ = {
			isa = XCBuildConfiguration;
			baseConfigurationReference = E3D4EF98625A9FAB6E22AD59 /* Pods-TuneThatNameTests.debug.xcconfig */;
			buildSettings = {
				BUNDLE_LOADER = "$(TEST_HOST)";
				FRAMEWORK_SEARCH_PATHS = (
					"$(SDKROOT)/Developer/Library/Frameworks",
					"$(inherited)",
					"$(PROJECT_DIR)",
					"$(PROJECT_DIR)/Frameworks",
				);
				GCC_PREPROCESSOR_DEFINITIONS = (
					"DEBUG=1",
					"$(inherited)",
				);
				INFOPLIST_FILE = TuneThatNameTests/Info.plist;
				LD_RUNPATH_SEARCH_PATHS = "$(inherited) @executable_path/Frameworks @loader_path/Frameworks";
				PRODUCT_BUNDLE_IDENTIFIER = "com.mcsearchin.$(PRODUCT_NAME:rfc1034identifier)";
				PRODUCT_NAME = "$(TARGET_NAME)";
				SWIFT_OBJC_BRIDGING_HEADER = "$SRCROOT/TuneThatName/TuneThatName-Bridging-Header.h";
				TEST_HOST = "$(BUILT_PRODUCTS_DIR)/TuneThatName.app/TuneThatName";
			};
			name = Debug;
		};
		44E9D60A1A952D2F001E4792 /* Release */ = {
			isa = XCBuildConfiguration;
			baseConfigurationReference = 7F1FEA9E6D968643657B0B3A /* Pods-TuneThatNameTests.release.xcconfig */;
			buildSettings = {
				BUNDLE_LOADER = "$(TEST_HOST)";
				FRAMEWORK_SEARCH_PATHS = (
					"$(SDKROOT)/Developer/Library/Frameworks",
					"$(inherited)",
					"$(PROJECT_DIR)",
					"$(PROJECT_DIR)/Frameworks",
				);
				INFOPLIST_FILE = TuneThatNameTests/Info.plist;
				LD_RUNPATH_SEARCH_PATHS = "$(inherited) @executable_path/Frameworks @loader_path/Frameworks";
				PRODUCT_BUNDLE_IDENTIFIER = "com.mcsearchin.$(PRODUCT_NAME:rfc1034identifier)";
				PRODUCT_NAME = "$(TARGET_NAME)";
				SWIFT_OBJC_BRIDGING_HEADER = "$SRCROOT/TuneThatName/TuneThatName-Bridging-Header.h";
				TEST_HOST = "$(BUILT_PRODUCTS_DIR)/TuneThatName.app/TuneThatName";
			};
			name = Release;
		};
/* End XCBuildConfiguration section */

/* Begin XCConfigurationList section */
		446730771AD9B41E0056A840 /* Build configuration list for PBXNativeTarget "TuneThatNameIntegrationTests" */ = {
			isa = XCConfigurationList;
			buildConfigurations = (
				446730751AD9B41E0056A840 /* Debug */,
				446730761AD9B41E0056A840 /* Release */,
			);
			defaultConfigurationIsVisible = 0;
			defaultConfigurationName = Release;
		};
		44E9D5E11A952D2F001E4792 /* Build configuration list for PBXProject "TuneThatName" */ = {
			isa = XCConfigurationList;
			buildConfigurations = (
				44E9D6031A952D2F001E4792 /* Debug */,
				44E9D6041A952D2F001E4792 /* Release */,
			);
			defaultConfigurationIsVisible = 0;
			defaultConfigurationName = Release;
		};
		44E9D6051A952D2F001E4792 /* Build configuration list for PBXNativeTarget "TuneThatName" */ = {
			isa = XCConfigurationList;
			buildConfigurations = (
				44E9D6061A952D2F001E4792 /* Debug */,
				44E9D6071A952D2F001E4792 /* Release */,
			);
			defaultConfigurationIsVisible = 0;
			defaultConfigurationName = Release;
		};
		44E9D6081A952D2F001E4792 /* Build configuration list for PBXNativeTarget "TuneThatNameTests" */ = {
			isa = XCConfigurationList;
			buildConfigurations = (
				44E9D6091A952D2F001E4792 /* Debug */,
				44E9D60A1A952D2F001E4792 /* Release */,
			);
			defaultConfigurationIsVisible = 0;
			defaultConfigurationName = Release;
		};
/* End XCConfigurationList section */
	};
	rootObject = 44E9D5DE1A952D2F001E4792 /* Project object */;
}
